
Microsoft Visual Studio Solution File, Format Version 12.00
# Visual Studio 15
VisualStudioVersion = 15.0.27009.1
MinimumVisualStudioVersion = 10.0.40219.1
Project("{FAE04EC0-301F-11D3-BF4B-00C04F79EFBC}") = "AskMe.iOS", "AskMe\AskMe.iOS\AskMe.iOS.csproj", "{F5C20E15-136B-46F6-A205-B4A20362048F}"
EndProject
Project("{9A19103F-16F7-4668-BE54-9A1E7A4F7556}") = "AskMe", "AskMe\AskMe\AskMe.csproj", "{CCB164B4-9C2B-41E5-B588-CB5049717A30}"
EndProject
Project("{9A19103F-16F7-4668-BE54-9A1E7A4F7556}") = "AdaptiveCards.Rendering.Xamarin", "AdaptiveCards.Rendering.Xamarin\AdaptiveCards.Rendering.Xamarin.csproj", "{EDCE5CE6-176D-4CAE-97BC-4574E44DB792}"
EndProject
Global
	GlobalSection(SolutionConfigurationPlatforms) = preSolution
		Ad-Hoc|Any CPU = Ad-Hoc|Any CPU
		Ad-Hoc|ARM = Ad-Hoc|ARM
		Ad-Hoc|iPhone = Ad-Hoc|iPhone
		Ad-Hoc|iPhoneSimulator = Ad-Hoc|iPhoneSimulator
		Ad-Hoc|x64 = Ad-Hoc|x64
		Ad-Hoc|x86 = Ad-Hoc|x86
		AppStore|Any CPU = AppStore|Any CPU
		AppStore|ARM = AppStore|ARM
		AppStore|iPhone = AppStore|iPhone
		AppStore|iPhoneSimulator = AppStore|iPhoneSimulator
		AppStore|x64 = AppStore|x64
		AppStore|x86 = AppStore|x86
		Debug|Any CPU = Debug|Any CPU
		Debug|ARM = Debug|ARM
		Debug|iPhone = Debug|iPhone
		Debug|iPhoneSimulator = Debug|iPhoneSimulator
		Debug|x64 = Debug|x64
		Debug|x86 = Debug|x86
		Release|Any CPU = Release|Any CPU
		Release|ARM = Release|ARM
		Release|iPhone = Release|iPhone
		Release|iPhoneSimulator = Release|iPhoneSimulator
		Release|x64 = Release|x64
		Release|x86 = Release|x86
	EndGlobalSection
	GlobalSection(ProjectConfigurationPlatforms) = postSolution
		{F5C20E15-136B-46F6-A205-B4A20362048F}.Ad-Hoc|Any CPU.ActiveCfg = Ad-Hoc|iPhone
		{F5C20E15-136B-46F6-A205-B4A20362048F}.Ad-Hoc|Any CPU.Build.0 = Ad-Hoc|iPhone
		{F5C20E15-136B-46F6-A205-B4A20362048F}.Ad-Hoc|Any CPU.Deploy.0 = Ad-Hoc|iPhone
		{F5C20E15-136B-46F6-A205-B4A20362048F}.Ad-Hoc|ARM.ActiveCfg = Ad-Hoc|iPhone
		{F5C20E15-136B-46F6-A205-B4A20362048F}.Ad-Hoc|ARM.Build.0 = Ad-Hoc|iPhone
		{F5C20E15-136B-46F6-A205-B4A20362048F}.Ad-Hoc|ARM.Deploy.0 = Ad-Hoc|iPhone
		{F5C20E15-136B-46F6-A205-B4A20362048F}.Ad-Hoc|iPhone.ActiveCfg = Ad-Hoc|iPhone
		{F5C20E15-136B-46F6-A205-B4A20362048F}.Ad-Hoc|iPhone.Build.0 = Ad-Hoc|iPhone
		{F5C20E15-136B-46F6-A205-B4A20362048F}.Ad-Hoc|iPhone.Deploy.0 = Ad-Hoc|iPhone
		{F5C20E15-136B-46F6-A205-B4A20362048F}.Ad-Hoc|iPhoneSimulator.ActiveCfg = Ad-Hoc|iPhoneSimulator
		{F5C20E15-136B-46F6-A205-B4A20362048F}.Ad-Hoc|iPhoneSimulator.Build.0 = Ad-Hoc|iPhoneSimulator
		{F5C20E15-136B-46F6-A205-B4A20362048F}.Ad-Hoc|iPhoneSimulator.Deploy.0 = Ad-Hoc|iPhoneSimulator
		{F5C20E15-136B-46F6-A205-B4A20362048F}.Ad-Hoc|x64.ActiveCfg = Ad-Hoc|iPhone
		{F5C20E15-136B-46F6-A205-B4A20362048F}.Ad-Hoc|x64.Build.0 = Ad-Hoc|iPhone
		{F5C20E15-136B-46F6-A205-B4A20362048F}.Ad-Hoc|x64.Deploy.0 = Ad-Hoc|iPhone
		{F5C20E15-136B-46F6-A205-B4A20362048F}.Ad-Hoc|x86.ActiveCfg = Ad-Hoc|iPhone
		{F5C20E15-136B-46F6-A205-B4A20362048F}.Ad-Hoc|x86.Build.0 = Ad-Hoc|iPhone
		{F5C20E15-136B-46F6-A205-B4A20362048F}.Ad-Hoc|x86.Deploy.0 = Ad-Hoc|iPhone
		{F5C20E15-136B-46F6-A205-B4A20362048F}.AppStore|Any CPU.ActiveCfg = AppStore|iPhone
		{F5C20E15-136B-46F6-A205-B4A20362048F}.AppStore|Any CPU.Build.0 = AppStore|iPhone
		{F5C20E15-136B-46F6-A205-B4A20362048F}.AppStore|Any CPU.Deploy.0 = AppStore|iPhone
		{F5C20E15-136B-46F6-A205-B4A20362048F}.AppStore|ARM.ActiveCfg = AppStore|iPhone
		{F5C20E15-136B-46F6-A205-B4A20362048F}.AppStore|ARM.Build.0 = AppStore|iPhone
		{F5C20E15-136B-46F6-A205-B4A20362048F}.AppStore|ARM.Deploy.0 = AppStore|iPhone
		{F5C20E15-136B-46F6-A205-B4A20362048F}.AppStore|iPhone.ActiveCfg = AppStore|iPhone
		{F5C20E15-136B-46F6-A205-B4A20362048F}.AppStore|iPhone.Build.0 = AppStore|iPhone
		{F5C20E15-136B-46F6-A205-B4A20362048F}.AppStore|iPhone.Deploy.0 = AppStore|iPhone
		{F5C20E15-136B-46F6-A205-B4A20362048F}.AppStore|iPhoneSimulator.ActiveCfg = AppStore|iPhoneSimulator
		{F5C20E15-136B-46F6-A205-B4A20362048F}.AppStore|iPhoneSimulator.Build.0 = AppStore|iPhoneSimulator
		{F5C20E15-136B-46F6-A205-B4A20362048F}.AppStore|iPhoneSimulator.Deploy.0 = AppStore|iPhoneSimulator
		{F5C20E15-136B-46F6-A205-B4A20362048F}.AppStore|x64.ActiveCfg = AppStore|iPhone
		{F5C20E15-136B-46F6-A205-B4A20362048F}.AppStore|x64.Build.0 = AppStore|iPhone
		{F5C20E15-136B-46F6-A205-B4A20362048F}.AppStore|x64.Deploy.0 = AppStore|iPhone
		{F5C20E15-136B-46F6-A205-B4A20362048F}.AppStore|x86.ActiveCfg = AppStore|iPhone
		{F5C20E15-136B-46F6-A205-B4A20362048F}.AppStore|x86.Build.0 = AppStore|iPhone
		{F5C20E15-136B-46F6-A205-B4A20362048F}.AppStore|x86.Deploy.0 = AppStore|iPhone
		{F5C20E15-136B-46F6-A205-B4A20362048F}.Debug|Any CPU.ActiveCfg = Debug|iPhoneSimulator
		{F5C20E15-136B-46F6-A205-B4A20362048F}.Debug|Any CPU.Build.0 = Debug|iPhoneSimulator
		{F5C20E15-136B-46F6-A205-B4A20362048F}.Debug|Any CPU.Deploy.0 = Debug|iPhoneSimulator
		{F5C20E15-136B-46F6-A205-B4A20362048F}.Debug|ARM.ActiveCfg = Debug|iPhone
		{F5C20E15-136B-46F6-A205-B4A20362048F}.Debug|ARM.Build.0 = Debug|iPhone
		{F5C20E15-136B-46F6-A205-B4A20362048F}.Debug|ARM.Deploy.0 = Debug|iPhone
		{F5C20E15-136B-46F6-A205-B4A20362048F}.Debug|iPhone.ActiveCfg = Debug|iPhone
		{F5C20E15-136B-46F6-A205-B4A20362048F}.Debug|iPhone.Build.0 = Debug|iPhone
		{F5C20E15-136B-46F6-A205-B4A20362048F}.Debug|iPhone.Deploy.0 = Debug|iPhone
		{F5C20E15-136B-46F6-A205-B4A20362048F}.Debug|iPhoneSimulator.ActiveCfg = Debug|iPhoneSimulator
		{F5C20E15-136B-46F6-A205-B4A20362048F}.Debug|iPhoneSimulator.Build.0 = Debug|iPhoneSimulator
		{F5C20E15-136B-46F6-A205-B4A20362048F}.Debug|iPhoneSimulator.Deploy.0 = Debug|iPhoneSimulator
		{F5C20E15-136B-46F6-A205-B4A20362048F}.Debug|x64.ActiveCfg = Debug|iPhone
		{F5C20E15-136B-46F6-A205-B4A20362048F}.Debug|x64.Build.0 = Debug|iPhone
		{F5C20E15-136B-46F6-A205-B4A20362048F}.Debug|x64.Deploy.0 = Debug|iPhone
		{F5C20E15-136B-46F6-A205-B4A20362048F}.Debug|x86.ActiveCfg = Debug|iPhone
		{F5C20E15-136B-46F6-A205-B4A20362048F}.Debug|x86.Build.0 = Debug|iPhone
		{F5C20E15-136B-46F6-A205-B4A20362048F}.Debug|x86.Deploy.0 = Debug|iPhone
		{F5C20E15-136B-46F6-A205-B4A20362048F}.Release|Any CPU.ActiveCfg = Release|iPhone
		{F5C20E15-136B-46F6-A205-B4A20362048F}.Release|Any CPU.Build.0 = Release|iPhone
		{F5C20E15-136B-46F6-A205-B4A20362048F}.Release|Any CPU.Deploy.0 = Release|iPhone
		{F5C20E15-136B-46F6-A205-B4A20362048F}.Release|ARM.ActiveCfg = Release|iPhone
		{F5C20E15-136B-46F6-A205-B4A20362048F}.Release|ARM.Build.0 = Release|iPhone
		{F5C20E15-136B-46F6-A205-B4A20362048F}.Release|ARM.Deploy.0 = Release|iPhone
		{F5C20E15-136B-46F6-A205-B4A20362048F}.Release|iPhone.ActiveCfg = Release|iPhone
		{F5C20E15-136B-46F6-A205-B4A20362048F}.Release|iPhone.Build.0 = Release|iPhone
		{F5C20E15-136B-46F6-A205-B4A20362048F}.Release|iPhone.Deploy.0 = Release|iPhone
		{F5C20E15-136B-46F6-A205-B4A20362048F}.Release|iPhoneSimulator.ActiveCfg = Release|iPhoneSimulator
		{F5C20E15-136B-46F6-A205-B4A20362048F}.Release|iPhoneSimulator.Build.0 = Release|iPhoneSimulator
		{F5C20E15-136B-46F6-A205-B4A20362048F}.Release|iPhoneSimulator.Deploy.0 = Release|iPhoneSimulator
		{F5C20E15-136B-46F6-A205-B4A20362048F}.Release|x64.ActiveCfg = Release|iPhone
		{F5C20E15-136B-46F6-A205-B4A20362048F}.Release|x64.Build.0 = Release|iPhone
		{F5C20E15-136B-46F6-A205-B4A20362048F}.Release|x64.Deploy.0 = Release|iPhone
		{F5C20E15-136B-46F6-A205-B4A20362048F}.Release|x86.ActiveCfg = Release|iPhone
		{F5C20E15-136B-46F6-A205-B4A20362048F}.Release|x86.Build.0 = Release|iPhone
		{F5C20E15-136B-46F6-A205-B4A20362048F}.Release|x86.Deploy.0 = Release|iPhone
		{CCB164B4-9C2B-41E5-B588-CB5049717A30}.Ad-Hoc|Any CPU.ActiveCfg = Debug|Any CPU
		{CCB164B4-9C2B-41E5-B588-CB5049717A30}.Ad-Hoc|Any CPU.Build.0 = Debug|Any CPU
		{CCB164B4-9C2B-41E5-B588-CB5049717A30}.Ad-Hoc|Any CPU.Deploy.0 = Debug|Any CPU
		{CCB164B4-9C2B-41E5-B588-CB5049717A30}.Ad-Hoc|ARM.ActiveCfg = Debug|Any CPU
		{CCB164B4-9C2B-41E5-B588-CB5049717A30}.Ad-Hoc|ARM.Build.0 = Debug|Any CPU
		{CCB164B4-9C2B-41E5-B588-CB5049717A30}.Ad-Hoc|ARM.Deploy.0 = Debug|Any CPU
		{CCB164B4-9C2B-41E5-B588-CB5049717A30}.Ad-Hoc|iPhone.ActiveCfg = Debug|Any CPU
		{CCB164B4-9C2B-41E5-B588-CB5049717A30}.Ad-Hoc|iPhone.Build.0 = Debug|Any CPU
		{CCB164B4-9C2B-41E5-B588-CB5049717A30}.Ad-Hoc|iPhone.Deploy.0 = Debug|Any CPU
		{CCB164B4-9C2B-41E5-B588-CB5049717A30}.Ad-Hoc|iPhoneSimulator.ActiveCfg = Debug|Any CPU
		{CCB164B4-9C2B-41E5-B588-CB5049717A30}.Ad-Hoc|iPhoneSimulator.Build.0 = Debug|Any CPU
		{CCB164B4-9C2B-41E5-B588-CB5049717A30}.Ad-Hoc|iPhoneSimulator.Deploy.0 = Debug|Any CPU
		{CCB164B4-9C2B-41E5-B588-CB5049717A30}.Ad-Hoc|x64.ActiveCfg = Debug|Any CPU
		{CCB164B4-9C2B-41E5-B588-CB5049717A30}.Ad-Hoc|x64.Build.0 = Debug|Any CPU
		{CCB164B4-9C2B-41E5-B588-CB5049717A30}.Ad-Hoc|x64.Deploy.0 = Debug|Any CPU
		{CCB164B4-9C2B-41E5-B588-CB5049717A30}.Ad-Hoc|x86.ActiveCfg = Debug|Any CPU
		{CCB164B4-9C2B-41E5-B588-CB5049717A30}.Ad-Hoc|x86.Build.0 = Debug|Any CPU
		{CCB164B4-9C2B-41E5-B588-CB5049717A30}.Ad-Hoc|x86.Deploy.0 = Debug|Any CPU
		{CCB164B4-9C2B-41E5-B588-CB5049717A30}.AppStore|Any CPU.ActiveCfg = Debug|Any CPU
		{CCB164B4-9C2B-41E5-B588-CB5049717A30}.AppStore|Any CPU.Build.0 = Debug|Any CPU
		{CCB164B4-9C2B-41E5-B588-CB5049717A30}.AppStore|Any CPU.Deploy.0 = Debug|Any CPU
		{CCB164B4-9C2B-41E5-B588-CB5049717A30}.AppStore|ARM.ActiveCfg = Debug|Any CPU
		{CCB164B4-9C2B-41E5-B588-CB5049717A30}.AppStore|ARM.Build.0 = Debug|Any CPU
		{CCB164B4-9C2B-41E5-B588-CB5049717A30}.AppStore|ARM.Deploy.0 = Debug|Any CPU
		{CCB164B4-9C2B-41E5-B588-CB5049717A30}.AppStore|iPhone.ActiveCfg = Debug|Any CPU
		{CCB164B4-9C2B-41E5-B588-CB5049717A30}.AppStore|iPhone.Build.0 = Debug|Any CPU
		{CCB164B4-9C2B-41E5-B588-CB5049717A30}.AppStore|iPhone.Deploy.0 = Debug|Any CPU
		{CCB164B4-9C2B-41E5-B588-CB5049717A30}.AppStore|iPhoneSimulator.ActiveCfg = Debug|Any CPU
		{CCB164B4-9C2B-41E5-B588-CB5049717A30}.AppStore|iPhoneSimulator.Build.0 = Debug|Any CPU
		{CCB164B4-9C2B-41E5-B588-CB5049717A30}.AppStore|iPhoneSimulator.Deploy.0 = Debug|Any CPU
		{CCB164B4-9C2B-41E5-B588-CB5049717A30}.AppStore|x64.ActiveCfg = Debug|Any CPU
		{CCB164B4-9C2B-41E5-B588-CB5049717A30}.AppStore|x64.Build.0 = Debug|Any CPU
		{CCB164B4-9C2B-41E5-B588-CB5049717A30}.AppStore|x64.Deploy.0 = Debug|Any CPU
		{CCB164B4-9C2B-41E5-B588-CB5049717A30}.AppStore|x86.ActiveCfg = Debug|Any CPU
		{CCB164B4-9C2B-41E5-B588-CB5049717A30}.AppStore|x86.Build.0 = Debug|Any CPU
		{CCB164B4-9C2B-41E5-B588-CB5049717A30}.AppStore|x86.Deploy.0 = Debug|Any CPU
		{CCB164B4-9C2B-41E5-B588-CB5049717A30}.Debug|Any CPU.ActiveCfg = Debug|Any CPU
		{CCB164B4-9C2B-41E5-B588-CB5049717A30}.Debug|Any CPU.Build.0 = Debug|Any CPU
		{CCB164B4-9C2B-41E5-B588-CB5049717A30}.Debug|Any CPU.Deploy.0 = Debug|Any CPU
		{CCB164B4-9C2B-41E5-B588-CB5049717A30}.Debug|ARM.ActiveCfg = Debug|Any CPU
		{CCB164B4-9C2B-41E5-B588-CB5049717A30}.Debug|ARM.Build.0 = Debug|Any CPU
		{CCB164B4-9C2B-41E5-B588-CB5049717A30}.Debug|ARM.Deploy.0 = Debug|Any CPU
		{CCB164B4-9C2B-41E5-B588-CB5049717A30}.Debug|iPhone.ActiveCfg = Debug|Any CPU
		{CCB164B4-9C2B-41E5-B588-CB5049717A30}.Debug|iPhone.Build.0 = Debug|Any CPU
		{CCB164B4-9C2B-41E5-B588-CB5049717A30}.Debug|iPhone.Deploy.0 = Debug|Any CPU
		{CCB164B4-9C2B-41E5-B588-CB5049717A30}.Debug|iPhoneSimulator.ActiveCfg = Debug|Any CPU
		{CCB164B4-9C2B-41E5-B588-CB5049717A30}.Debug|iPhoneSimulator.Build.0 = Debug|Any CPU
		{CCB164B4-9C2B-41E5-B588-CB5049717A30}.Debug|iPhoneSimulator.Deploy.0 = Debug|Any CPU
		{CCB164B4-9C2B-41E5-B588-CB5049717A30}.Debug|x64.ActiveCfg = Debug|Any CPU
		{CCB164B4-9C2B-41E5-B588-CB5049717A30}.Debug|x64.Build.0 = Debug|Any CPU
		{CCB164B4-9C2B-41E5-B588-CB5049717A30}.Debug|x64.Deploy.0 = Debug|Any CPU
		{CCB164B4-9C2B-41E5-B588-CB5049717A30}.Debug|x86.ActiveCfg = Debug|Any CPU
		{CCB164B4-9C2B-41E5-B588-CB5049717A30}.Debug|x86.Build.0 = Debug|Any CPU
		{CCB164B4-9C2B-41E5-B588-CB5049717A30}.Debug|x86.Deploy.0 = Debug|Any CPU
		{CCB164B4-9C2B-41E5-B588-CB5049717A30}.Release|Any CPU.ActiveCfg = Release|Any CPU
		{CCB164B4-9C2B-41E5-B588-CB5049717A30}.Release|Any CPU.Build.0 = Release|Any CPU
		{CCB164B4-9C2B-41E5-B588-CB5049717A30}.Release|Any CPU.Deploy.0 = Release|Any CPU
		{CCB164B4-9C2B-41E5-B588-CB5049717A30}.Release|ARM.ActiveCfg = Release|Any CPU
		{CCB164B4-9C2B-41E5-B588-CB5049717A30}.Release|ARM.Build.0 = Release|Any CPU
		{CCB164B4-9C2B-41E5-B588-CB5049717A30}.Release|ARM.Deploy.0 = Release|Any CPU
		{CCB164B4-9C2B-41E5-B588-CB5049717A30}.Release|iPhone.ActiveCfg = Release|Any CPU
		{CCB164B4-9C2B-41E5-B588-CB5049717A30}.Release|iPhone.Build.0 = Release|Any CPU
		{CCB164B4-9C2B-41E5-B588-CB5049717A30}.Release|iPhone.Deploy.0 = Release|Any CPU
		{CCB164B4-9C2B-41E5-B588-CB5049717A30}.Release|iPhoneSimulator.ActiveCfg = Release|Any CPU
		{CCB164B4-9C2B-41E5-B588-CB5049717A30}.Release|iPhoneSimulator.Build.0 = Release|Any CPU
		{CCB164B4-9C2B-41E5-B588-CB5049717A30}.Release|iPhoneSimulator.Deploy.0 = Release|Any CPU
		{CCB164B4-9C2B-41E5-B588-CB5049717A30}.Release|x64.ActiveCfg = Release|Any CPU
		{CCB164B4-9C2B-41E5-B588-CB5049717A30}.Release|x64.Build.0 = Release|Any CPU
		{CCB164B4-9C2B-41E5-B588-CB5049717A30}.Release|x64.Deploy.0 = Release|Any CPU
		{CCB164B4-9C2B-41E5-B588-CB5049717A30}.Release|x86.ActiveCfg = Release|Any CPU
		{CCB164B4-9C2B-41E5-B588-CB5049717A30}.Release|x86.Build.0 = Release|Any CPU
		{CCB164B4-9C2B-41E5-B588-CB5049717A30}.Release|x86.Deploy.0 = Release|Any CPU
		{EDCE5CE6-176D-4CAE-97BC-4574E44DB792}.Ad-Hoc|Any CPU.ActiveCfg = Debug|Any CPU
		{EDCE5CE6-176D-4CAE-97BC-4574E44DB792}.Ad-Hoc|Any CPU.Build.0 = Debug|Any CPU
		{EDCE5CE6-176D-4CAE-97BC-4574E44DB792}.Ad-Hoc|ARM.ActiveCfg = Debug|Any CPU
		{EDCE5CE6-176D-4CAE-97BC-4574E44DB792}.Ad-Hoc|ARM.Build.0 = Debug|Any CPU
		{EDCE5CE6-176D-4CAE-97BC-4574E44DB792}.Ad-Hoc|iPhone.ActiveCfg = Debug|Any CPU
		{EDCE5CE6-176D-4CAE-97BC-4574E44DB792}.Ad-Hoc|iPhone.Build.0 = Debug|Any CPU
		{EDCE5CE6-176D-4CAE-97BC-4574E44DB792}.Ad-Hoc|iPhoneSimulator.ActiveCfg = Debug|Any CPU
		{EDCE5CE6-176D-4CAE-97BC-4574E44DB792}.Ad-Hoc|iPhoneSimulator.Build.0 = Debug|Any CPU
		{EDCE5CE6-176D-4CAE-97BC-4574E44DB792}.Ad-Hoc|x64.ActiveCfg = Debug|Any CPU
		{EDCE5CE6-176D-4CAE-97BC-4574E44DB792}.Ad-Hoc|x64.Build.0 = Debug|Any CPU
		{EDCE5CE6-176D-4CAE-97BC-4574E44DB792}.Ad-Hoc|x86.ActiveCfg = Debug|Any CPU
		{EDCE5CE6-176D-4CAE-97BC-4574E44DB792}.Ad-Hoc|x86.Build.0 = Debug|Any CPU
		{EDCE5CE6-176D-4CAE-97BC-4574E44DB792}.AppStore|Any CPU.ActiveCfg = Debug|Any CPU
		{EDCE5CE6-176D-4CAE-97BC-4574E44DB792}.AppStore|Any CPU.Build.0 = Debug|Any CPU
		{EDCE5CE6-176D-4CAE-97BC-4574E44DB792}.AppStore|ARM.ActiveCfg = Debug|Any CPU
		{EDCE5CE6-176D-4CAE-97BC-4574E44DB792}.AppStore|ARM.Build.0 = Debug|Any CPU
		{EDCE5CE6-176D-4CAE-97BC-4574E44DB792}.AppStore|iPhone.ActiveCfg = Debug|Any CPU
		{EDCE5CE6-176D-4CAE-97BC-4574E44DB792}.AppStore|iPhone.Build.0 = Debug|Any CPU
		{EDCE5CE6-176D-4CAE-97BC-4574E44DB792}.AppStore|iPhoneSimulator.ActiveCfg = Debug|Any CPU
		{EDCE5CE6-176D-4CAE-97BC-4574E44DB792}.AppStore|iPhoneSimulator.Build.0 = Debug|Any CPU
		{EDCE5CE6-176D-4CAE-97BC-4574E44DB792}.AppStore|x64.ActiveCfg = Debug|Any CPU
		{EDCE5CE6-176D-4CAE-97BC-4574E44DB792}.AppStore|x64.Build.0 = Debug|Any CPU
		{EDCE5CE6-176D-4CAE-97BC-4574E44DB792}.AppStore|x86.ActiveCfg = Debug|Any CPU
		{EDCE5CE6-176D-4CAE-97BC-4574E44DB792}.AppStore|x86.Build.0 = Debug|Any CPU
		{EDCE5CE6-176D-4CAE-97BC-4574E44DB792}.Debug|Any CPU.ActiveCfg = Debug|Any CPU
		{EDCE5CE6-176D-4CAE-97BC-4574E44DB792}.Debug|Any CPU.Build.0 = Debug|Any CPU
		{EDCE5CE6-176D-4CAE-97BC-4574E44DB792}.Debug|ARM.ActiveCfg = Debug|Any CPU
		{EDCE5CE6-176D-4CAE-97BC-4574E44DB792}.Debug|ARM.Build.0 = Debug|Any CPU
		{EDCE5CE6-176D-4CAE-97BC-4574E44DB792}.Debug|iPhone.ActiveCfg = Debug|Any CPU
		{EDCE5CE6-176D-4CAE-97BC-4574E44DB792}.Debug|iPhone.Build.0 = Debug|Any CPU
		{EDCE5CE6-176D-4CAE-97BC-4574E44DB792}.Debug|iPhoneSimulator.ActiveCfg = Debug|Any CPU
		{EDCE5CE6-176D-4CAE-97BC-4574E44DB792}.Debug|iPhoneSimulator.Build.0 = Debug|Any CPU
		{EDCE5CE6-176D-4CAE-97BC-4574E44DB792}.Debug|x64.ActiveCfg = Debug|Any CPU
		{EDCE5CE6-176D-4CAE-97BC-4574E44DB792}.Debug|x64.Build.0 = Debug|Any CPU
		{EDCE5CE6-176D-4CAE-97BC-4574E44DB792}.Debug|x86.ActiveCfg = Debug|Any CPU
		{EDCE5CE6-176D-4CAE-97BC-4574E44DB792}.Debug|x86.Build.0 = Debug|Any CPU
		{EDCE5CE6-176D-4CAE-97BC-4574E44DB792}.Release|Any CPU.ActiveCfg = Release|Any CPU
		{EDCE5CE6-176D-4CAE-97BC-4574E44DB792}.Release|Any CPU.Build.0 = Release|Any CPU
		{EDCE5CE6-176D-4CAE-97BC-4574E44DB792}.Release|ARM.ActiveCfg = Release|Any CPU
		{EDCE5CE6-176D-4CAE-97BC-4574E44DB792}.Release|ARM.Build.0 = Release|Any CPU
		{EDCE5CE6-176D-4CAE-97BC-4574E44DB792}.Release|iPhone.ActiveCfg = Release|Any CPU
		{EDCE5CE6-176D-4CAE-97BC-4574E44DB792}.Release|iPhone.Build.0 = Release|Any CPU
		{EDCE5CE6-176D-4CAE-97BC-4574E44DB792}.Release|iPhoneSimulator.ActiveCfg = Release|Any CPU
		{EDCE5CE6-176D-4CAE-97BC-4574E44DB792}.Release|iPhoneSimulator.Build.0 = Release|Any CPU
		{EDCE5CE6-176D-4CAE-97BC-4574E44DB792}.Release|x64.ActiveCfg = Release|Any CPU
		{EDCE5CE6-176D-4CAE-97BC-4574E44DB792}.Release|x64.Build.0 = Release|Any CPU
		{EDCE5CE6-176D-4CAE-97BC-4574E44DB792}.Release|x86.ActiveCfg = Release|Any CPU
		{EDCE5CE6-176D-4CAE-97BC-4574E44DB792}.Release|x86.Build.0 = Release|Any CPU
	EndGlobalSection
	GlobalSection(SolutionProperties) = preSolution
		HideSolutionNode = FALSE
	EndGlobalSection
	GlobalSection(ExtensibilityGlobals) = postSolution
		SolutionGuid = {1D0A077A-3CB2-4365-9E4C-275DA54FF586}
	EndGlobalSection
EndGlobal
